
Microsoft Visual Studio Solution File, Format Version 12.00
# Visual Studio Version 17
VisualStudioVersion = 17.3.32922.545
MinimumVisualStudioVersion = 10.0.40219.1
Project("{FAE04EC0-301F-11D3-BF4B-00C04F79EFBC}") = "Burger_Bus", "Burger_Bus\Burger_Bus.csproj", "{FD7E0C84-183A-40B2-AC30-E372CBF921D7}"
EndProject
Project("{FAE04EC0-301F-11D3-BF4B-00C04F79EFBC}") = "Numbers", "Numbers\Numbers.csproj", "{F91C1877-DBBB-45EE-AAC4-035AB21F50D1}"
EndProject
Project("{FAE04EC0-301F-11D3-BF4B-00C04F79EFBC}") = "ChatLogger", "ChatLogger\ChatLogger.csproj", "{0171F4C2-28AA-40CC-85C0-8A4E463E8ABC}"
EndProject
Global
	GlobalSection(SolutionConfigurationPlatforms) = preSolution
		Debug|Any CPU = Debug|Any CPU
		Release|Any CPU = Release|Any CPU
	EndGlobalSection
	GlobalSection(ProjectConfigurationPlatforms) = postSolution
		{FD7E0C84-183A-40B2-AC30-E372CBF921D7}.Debug|Any CPU.ActiveCfg = Debug|Any CPU
		{FD7E0C84-183A-40B2-AC30-E372CBF921D7}.Debug|Any CPU.Build.0 = Debug|Any CPU
		{FD7E0C84-183A-40B2-AC30-E372CBF921D7}.Release|Any CPU.ActiveCfg = Release|Any CPU
		{FD7E0C84-183A-40B2-AC30-E372CBF921D7}.Release|Any CPU.Build.0 = Release|Any CPU
		{F91C1877-DBBB-45EE-AAC4-035AB21F50D1}.Debug|Any CPU.ActiveCfg = Debug|Any CPU
		{F91C1877-DBBB-45EE-AAC4-035AB21F50D1}.Debug|Any CPU.Build.0 = Debug|Any CPU
		{F91C1877-DBBB-45EE-AAC4-035AB21F50D1}.Release|Any CPU.ActiveCfg = Release|Any CPU
		{F91C1877-DBBB-45EE-AAC4-035AB21F50D1}.Release|Any CPU.Build.0 = Release|Any CPU
		{0171F4C2-28AA-40CC-85C0-8A4E463E8ABC}.Debug|Any CPU.ActiveCfg = Debug|Any CPU
		{0171F4C2-28AA-40CC-85C0-8A4E463E8ABC}.Debug|Any CPU.Build.0 = Debug|Any CPU
		{0171F4C2-28AA-40CC-85C0-8A4E463E8ABC}.Release|Any CPU.ActiveCfg = Release|Any CPU
		{0171F4C2-28AA-40CC-85C0-8A4E463E8ABC}.Release|Any CPU.Build.0 = Release|Any CPU
	EndGlobalSection
	GlobalSection(SolutionProperties) = preSolution
		HideSolutionNode = FALSE
	EndGlobalSection
	GlobalSection(ExtensibilityGlobals) = postSolution
		SolutionGuid = {333D2781-3274-43B9-912E-D40F3A3B2CA2}
	EndGlobalSection
EndGlobal
